
Microsoft Visual Studio Solution File, Format Version 12.00
# Visual Studio 15
VisualStudioVersion = 15.0.27703.2018
MinimumVisualStudioVersion = 10.0.40219.1
Project("{FAE04EC0-301F-11D3-BF4B-00C04F79EFBC}") = "ConsoleApp2", "ConsoleApp2\ConsoleApp2.csproj", "{882F192D-5EF8-4B03-AA3D-4E964D4CF2FB}"
EndProject
Global
	GlobalSection(SolutionConfigurationPlatforms) = preSolution
		Debug|Any CPU = Debug|Any CPU
		Release|Any CPU = Release|Any CPU
	EndGlobalSection
	GlobalSection(ProjectConfigurationPlatforms) = postSolution
		{882F192D-5EF8-4B03-AA3D-4E964D4CF2FB}.Debug|Any CPU.ActiveCfg = Debug|Any CPU
		{882F192D-5EF8-4B03-AA3D-4E964D4CF2FB}.Debug|Any CPU.Build.0 = Debug|Any CPU
		{882F192D-5EF8-4B03-AA3D-4E964D4CF2FB}.Release|Any CPU.ActiveCfg = Release|Any CPU
		{882F192D-5EF8-4B03-AA3D-4E964D4CF2FB}.Release|Any CPU.Build.0 = Release|Any CPU
	EndGlobalSection
	GlobalSection(SolutionProperties) = preSolution
		HideSolutionNode = FALSE
	EndGlobalSection
	GlobalSection(ExtensibilityGlobals) = postSolution
		SolutionGuid = {E528A37B-1872-48F6-8F66-C33E4DB0A15F}
	EndGlobalSection
EndGlobal
