
Microsoft Visual Studio Solution File, Format Version 10.00
# Visual C++ Express 2008
Project("{8BC9CEB8-8B4A-11D0-8D11-00A0C91BC942}") = "5_6", "5_6.vcproj", "{15B03334-AC78-4FC7-84CC-B91FA3408099}"
EndProject
Global
	GlobalSection(SolutionConfigurationPlatforms) = preSolution
		Debug|Win32 = Debug|Win32
		Release|Win32 = Release|Win32
	EndGlobalSection
	GlobalSection(ProjectConfigurationPlatforms) = postSolution
		{15B03334-AC78-4FC7-84CC-B91FA3408099}.Debug|Win32.ActiveCfg = Debug|Win32
		{15B03334-AC78-4FC7-84CC-B91FA3408099}.Debug|Win32.Build.0 = Debug|Win32
		{15B03334-AC78-4FC7-84CC-B91FA3408099}.Release|Win32.ActiveCfg = Release|Win32
		{15B03334-AC78-4FC7-84CC-B91FA3408099}.Release|Win32.Build.0 = Release|Win32
	EndGlobalSection
	GlobalSection(SolutionProperties) = preSolution
		HideSolutionNode = FALSE
	EndGlobalSection
EndGlobal
